
Microsoft Visual Studio Solution File, Format Version 12.00
# Visual Studio Version 17
VisualStudioVersion = 17.10.35122.118
MinimumVisualStudioVersion = 10.0.40219.1
Project("{9A19103F-16F7-4668-BE54-9A1E7A4F7556}") = "AP_EV4", "AP_EV3\AP_EV4.csproj", "{3204D382-34D9-453B-8F8E-63F6C996C143}"
EndProject
Global
	GlobalSection(SolutionConfigurationPlatforms) = preSolution
		Debug|Any CPU = Debug|Any CPU
		Release|Any CPU = Release|Any CPU
	EndGlobalSection
	GlobalSection(ProjectConfigurationPlatforms) = postSolution
		{3204D382-34D9-453B-8F8E-63F6C996C143}.Debug|Any CPU.ActiveCfg = Debug|Any CPU
		{3204D382-34D9-453B-8F8E-63F6C996C143}.Debug|Any CPU.Build.0 = Debug|Any CPU
		{3204D382-34D9-453B-8F8E-63F6C996C143}.Release|Any CPU.ActiveCfg = Release|Any CPU
		{3204D382-34D9-453B-8F8E-63F6C996C143}.Release|Any CPU.Build.0 = Release|Any CPU
	EndGlobalSection
	GlobalSection(SolutionProperties) = preSolution
		HideSolutionNode = FALSE
	EndGlobalSection
	GlobalSection(ExtensibilityGlobals) = postSolution
		SolutionGuid = {B9B47ECB-411A-4BE5-BD6F-8E9908385CEE}
	EndGlobalSection
EndGlobal
